{
  "nodes": {
    "nixpkgs": {
      "locked": {
        "lastModified": 1679048363,
        "narHash": "sha256-afY4G9yA0MD/wxfAd7kks2yaCUOMuDtiwecDYIVxYfY=",
        "owner": "nixos",
        "repo": "nixpkgs",
        "rev": "2766f77c32e171a04d59b636a91083bae862274e",
        "type": "github"
      },
      "original": {
        "owner": "nixos",
        "ref": "release-21.11",
        "repo": "nixpkgs",
        "type": "github"
      }
    },
    "root": {
      "inputs": {
        "nixpkgs": "nixpkgs"
      }
    }
  },
  "root": "root",
  "version": 7
}
