{
  "nodes": {
    "nixpkgs": {
      "locked": {
        "lastModified": 1711217620,
        "narHash": "sha256-GGHuUQoSsGN/BJYEu7fY+Qzipwq3NqChjlUtT3eg33s=",
        "owner": "nixos",
        "repo": "nixpkgs",
        "rev": "ebbe1c1299faf63fffdf1e2a6ebfe43c56b2e691",
        "type": "github"
      },
      "original": {
        "owner": "nixos",
        "ref": "release-23.11",
        "repo": "nixpkgs",
        "type": "github"
      }
    },
    "root": {
      "inputs": {
        "nixpkgs": "nixpkgs"
      }
    }
  },
  "root": "root",
  "version": 7
}
