github.com/coreos/go-systemd/v22 v22.5.0 h1:RrqgGjYQKalulkV8NGVIfkXQf6YYmOyiJKk8iXXhfZs=
github.com/coreos/go-systemd/v22 v22.5.0/go.mod h1:Y58oyj3AT4RCenI/lSvhwexgC+NSVTIJ3seZv2GcEnc=
github.com/godbus/dbus/v5 v5.0.4 h1:9349emZab16e7zQvpmsbtjc18ykshndd8y2PG3sgJbA=
github.com/godbus/dbus/v5 v5.0.4/go.mod h1:xhWf0FNVPg57R7Z0UbKHbJfkEywrmjJnf7w5xrFpKfA=
github.com/sblinch/kdl-go v0.0.0-20240410000746-21754ba9ac55 h1:scyq0E9FvdGLX5lxAwjK0HebTM3Y7dG3tYrlXP+x+tk=
github.com/sblinch/kdl-go v0.0.0-20240410000746-21754ba9ac55/go.mod h1:b3oNGuAKOQzhsCKmuLc/urEOPzgHj6fB8vl8bwTBh28=
